// !$*UTF8*$!
{
	archiveVersion = 1;
	classes = {
	};
	objectVersion = 46;
	objects = {

/* Begin PBXBuildFile section */
		F6AF4C0E1CFD6F1900C58A0B /* AppDelegate.swift in Sources */ = {isa = PBXBuildFile; fileRef = F6AF4C0D1CFD6F1900C58A0B /* AppDelegate.swift */; };
		F6AF4C101CFD6F1900C58A0B /* ViewController.swift in Sources */ = {isa = PBXBuildFile; fileRef = F6AF4C0F1CFD6F1900C58A0B /* ViewController.swift */; };
		F6AF4C131CFD6F1900C58A0B /* Main.storyboard in Resources */ = {isa = PBXBuildFile; fileRef = F6AF4C111CFD6F1900C58A0B /* Main.storyboard */; };
		F6AF4C151CFD6F1900C58A0B /* Assets.xcassets in Resources */ = {isa = PBXBuildFile; fileRef = F6AF4C141CFD6F1900C58A0B /* Assets.xcassets */; };
		F6AF4C181CFD6F1900C58A0B /* LaunchScreen.storyboard in Resources */ = {isa = PBXBuildFile; fileRef = F6AF4C161CFD6F1900C58A0B /* LaunchScreen.storyboard */; };
		F6AF4C231CFD6F1900C58A0B /* DemoTests.swift in Sources */ = {isa = PBXBuildFile; fileRef = F6AF4C221CFD6F1900C58A0B /* DemoTests.swift */; };
		F6AF4C2E1CFD6F1900C58A0B /* DemoUITests.swift in Sources */ = {isa = PBXBuildFile; fileRef = F6AF4C2D1CFD6F1900C58A0B /* DemoUITests.swift */; };
/* End PBXBuildFile section */

/* Begin PBXContainerItemProxy section */
		F6AF4C1F1CFD6F1900C58A0B /* PBXContainerItemProxy */ = {
			isa = PBXContainerItemProxy;
			containerPortal = F6AF4C021CFD6F1900C58A0B /* Project object */;
			proxyType = 1;
			remoteGlobalIDString = F6AF4C091CFD6F1900C58A0B;
			remoteInfo = Demo;
		};
		F6AF4C2A1CFD6F1900C58A0B /* PBXContainerItemProxy */ = {
			isa = PBXContainerItemProxy;
			containerPortal = F6AF4C021CFD6F1900C58A0B /* Project object */;
			proxyType = 1;
			remoteGlobalIDString = F6AF4C091CFD6F1900C58A0B;
			remoteInfo = Demo;
		};
/* End PBXContainerItemProxy section */

/* Begin PBXFileReference section */
		F6AF4C0A1CFD6F1900C58A0B /* Demo.app */ = {isa = PBXFileReference; explicitFileType = wrapper.application; includeInIndex = 0; path = Demo.app; sourceTree = BUILT_PRODUCTS_DIR; };
		F6AF4C0D1CFD6F1900C58A0B /* AppDelegate.swift */ = {isa = PBXFileReference; lastKnownFileType = sourcecode.swift; path = AppDelegate.swift; sourceTree = "<group>"; };
		F6AF4C0F1CFD6F1900C58A0B /* ViewController.swift */ = {isa = PBXFileReference; lastKnownFileType = sourcecode.swift; path = ViewController.swift; sourceTree = "<group>"; };
		F6AF4C121CFD6F1900C58A0B /* Base */ = {isa = PBXFileReference; lastKnownFileType = file.storyboard; name = Base; path = Base.lproj/Main.storyboard; sourceTree = "<group>"; };
		F6AF4C141CFD6F1900C58A0B /* Assets.xcassets */ = {isa = PBXFileReference; lastKnownFileType = folder.assetcatalog; path = Assets.xcassets; sourceTree = "<group>"; };
		F6AF4C171CFD6F1900C58A0B /* Base */ = {isa = PBXFileReference; lastKnownFileType = file.storyboard; name = Base; path = Base.lproj/LaunchScreen.storyboard; sourceTree = "<group>"; };
		F6AF4C191CFD6F1900C58A0B /* Info.plist */ = {isa = PBXFileReference; lastKnownFileType = text.plist.xml; path = Info.plist; sourceTree = "<group>"; };
		F6AF4C1E1CFD6F1900C58A0B /* DemoTests.xctest */ = {isa = PBXFileReference; explicitFileType = wrapper.cfbundle; includeInIndex = 0; path = DemoTests.xctest; sourceTree = BUILT_PRODUCTS_DIR; };
		F6AF4C221CFD6F1900C58A0B /* DemoTests.swift */ = {isa = PBXFileReference; lastKnownFileType = sourcecode.swift; path = DemoTests.swift; sourceTree = "<group>"; };
		F6AF4C241CFD6F1900C58A0B /* Info.plist */ = {isa = PBXFileReference; lastKnownFileType = text.plist.xml; path = Info.plist; sourceTree = "<group>"; };
		F6AF4C291CFD6F1900C58A0B /* DemoUITests.xctest */ = {isa = PBXFileReference; explicitFileType = wrapper.cfbundle; includeInIndex = 0; path = DemoUITests.xctest; sourceTree = BUILT_PRODUCTS_DIR; };
		F6AF4C2D1CFD6F1900C58A0B /* DemoUITests.swift */ = {isa = PBXFileReference; lastKnownFileType = sourcecode.swift; path = DemoUITests.swift; sourceTree = "<group>"; };
		F6AF4C2F1CFD6F1900C58A0B /* Info.plist */ = {isa = PBXFileReference; lastKnownFileType = text.plist.xml; path = Info.plist; sourceTree = "<group>"; };
/* End PBXFileReference section */

/* Begin PBXFrameworksBuildPhase section */
		F6AF4C071CFD6F1900C58A0B /* Frameworks */ = {
			isa = PBXFrameworksBuildPhase;
			buildActionMask = 2147483647;
			files = (
			);
			runOnlyForDeploymentPostprocessing = 0;
		};
		F6AF4C1B1CFD6F1900C58A0B /* Frameworks */ = {
			isa = PBXFrameworksBuildPhase;
			buildActionMask = 2147483647;
			files = (
			);
			runOnlyForDeploymentPostprocessing = 0;
		};
		F6AF4C261CFD6F1900C58A0B /* Frameworks */ = {
			isa = PBXFrameworksBuildPhase;
			buildActionMask = 2147483647;
			files = (
			);
			runOnlyForDeploymentPostprocessing = 0;
		};
/* End PBXFrameworksBuildPhase section */

/* Begin PBXGroup section */
		F6AF4C011CFD6F1900C58A0B = {
			isa = PBXGroup;
			children = (
				F6AF4C0C1CFD6F1900C58A0B /* Demo */,
				F6AF4C211CFD6F1900C58A0B /* DemoTests */,
				F6AF4C2C1CFD6F1900C58A0B /* DemoUITests */,
				F6AF4C0B1CFD6F1900C58A0B /* Products */,
			);
			sourceTree = "<group>";
		};
		F6AF4C0B1CFD6F1900C58A0B /* Products */ = {
			isa = PBXGroup;
			children = (
				F6AF4C0A1CFD6F1900C58A0B /* Demo.app */,
				F6AF4C1E1CFD6F1900C58A0B /* DemoTests.xctest */,
				F6AF4C291CFD6F1900C58A0B /* DemoUITests.xctest */,
			);
			name = Products;
			sourceTree = "<group>";
		};
		F6AF4C0C1CFD6F1900C58A0B /* Demo */ = {
			isa = PBXGroup;
			children = (
				F6AF4C0D1CFD6F1900C58A0B /* AppDelegate.swift */,
				F6AF4C0F1CFD6F1900C58A0B /* ViewController.swift */,
				F6AF4C111CFD6F1900C58A0B /* Main.storyboard */,
				F6AF4C141CFD6F1900C58A0B /* Assets.xcassets */,
				F6AF4C161CFD6F1900C58A0B /* LaunchScreen.storyboard */,
				F6AF4C191CFD6F1900C58A0B /* Info.plist */,
			);
			path = Demo;
			sourceTree = "<group>";
		};
		F6AF4C211CFD6F1900C58A0B /* DemoTests */ = {
			isa = PBXGroup;
			children = (
				F6AF4C221CFD6F1900C58A0B /* DemoTests.swift */,
				F6AF4C241CFD6F1900C58A0B /* Info.plist */,
			);
			path = DemoTests;
			sourceTree = "<group>";
		};
		F6AF4C2C1CFD6F1900C58A0B /* DemoUITests */ = {
			isa = PBXGroup;
			children = (
				F6AF4C2D1CFD6F1900C58A0B /* DemoUITests.swift */,
				F6AF4C2F1CFD6F1900C58A0B /* Info.plist */,
			);
			path = DemoUITests;
			sourceTree = "<group>";
		};
/* End PBXGroup section */

/* Begin PBXNativeTarget section */
		F6AF4C091CFD6F1900C58A0B /* Demo */ = {
			isa = PBXNativeTarget;
			buildConfigurationList = F6AF4C321CFD6F1900C58A0B /* Build configuration list for PBXNativeTarget "Demo" */;
			buildPhases = (
				F6AF4C061CFD6F1900C58A0B /* Sources */,
				F6AF4C071CFD6F1900C58A0B /* Frameworks */,
				F6AF4C081CFD6F1900C58A0B /* Resources */,
			);
			buildRules = (
			);
			dependencies = (
			);
			name = Demo;
			productName = Demo;
			productReference = F6AF4C0A1CFD6F1900C58A0B /* Demo.app */;
			productType = "com.apple.product-type.application";
		};
		F6AF4C1D1CFD6F1900C58A0B /* DemoTests */ = {
			isa = PBXNativeTarget;
			buildConfigurationList = F6AF4C351CFD6F1900C58A0B /* Build configuration list for PBXNativeTarget "DemoTests" */;
			buildPhases = (
				F6AF4C1A1CFD6F1900C58A0B /* Sources */,
				F6AF4C1B1CFD6F1900C58A0B /* Frameworks */,
				F6AF4C1C1CFD6F1900C58A0B /* Resources */,
			);
			buildRules = (
			);
			dependencies = (
				F6AF4C201CFD6F1900C58A0B /* PBXTargetDependency */,
			);
			name = DemoTests;
			productName = DemoTests;
			productReference = F6AF4C1E1CFD6F1900C58A0B /* DemoTests.xctest */;
			productType = "com.apple.product-type.bundle.unit-test";
		};
		F6AF4C281CFD6F1900C58A0B /* DemoUITests */ = {
			isa = PBXNativeTarget;
			buildConfigurationList = F6AF4C381CFD6F1900C58A0B /* Build configuration list for PBXNativeTarget "DemoUITests" */;
			buildPhases = (
				F6AF4C251CFD6F1900C58A0B /* Sources */,
				F6AF4C261CFD6F1900C58A0B /* Frameworks */,
				F6AF4C271CFD6F1900C58A0B /* Resources */,
			);
			buildRules = (
			);
			dependencies = (
				F6AF4C2B1CFD6F1900C58A0B /* PBXTargetDependency */,
			);
			name = DemoUITests;
			productName = DemoUITests;
			productReference = F6AF4C291CFD6F1900C58A0B /* DemoUITests.xctest */;
			productType = "com.apple.product-type.bundle.ui-testing";
		};
/* End PBXNativeTarget section */

/* Begin PBXProject section */
		F6AF4C021CFD6F1900C58A0B /* Project object */ = {
			isa = PBXProject;
			attributes = {
				LastSwiftUpdateCheck = 0730;
				LastUpgradeCheck = 0730;
				ORGANIZATIONNAME = "Egg Swift";
				TargetAttributes = {
					F6AF4C091CFD6F1900C58A0B = {
						CreatedOnToolsVersion = 7.3;
					};
					F6AF4C1D1CFD6F1900C58A0B = {
						CreatedOnToolsVersion = 7.3;
						TestTargetID = F6AF4C091CFD6F1900C58A0B;
					};
					F6AF4C281CFD6F1900C58A0B = {
						CreatedOnToolsVersion = 7.3;
						TestTargetID = F6AF4C091CFD6F1900C58A0B;
					};
				};
			};
			buildConfigurationList = F6AF4C051CFD6F1900C58A0B /* Build configuration list for PBXProject "Demo" */;
			compatibilityVersion = "Xcode 3.2";
			developmentRegion = English;
			hasScannedForEncodings = 0;
			knownRegions = (
				en,
				Base,
			);
			mainGroup = F6AF4C011CFD6F1900C58A0B;
			productRefGroup = F6AF4C0B1CFD6F1900C58A0B /* Products */;
			projectDirPath = "";
			projectRoot = "";
			targets = (
				F6AF4C091CFD6F1900C58A0B /* Demo */,
				F6AF4C1D1CFD6F1900C58A0B /* DemoTests */,
				F6AF4C281CFD6F1900C58A0B /* DemoUITests */,
			);
		};
/* End PBXProject section */

/* Begin PBXResourcesBuildPhase section */
		F6AF4C081CFD6F1900C58A0B /* Resources */ = {
			isa = PBXResourcesBuildPhase;
			buildActionMask = 2147483647;
			files = (
				F6AF4C181CFD6F1900C58A0B /* LaunchScreen.storyboard in Resources */,
				F6AF4C151CFD6F1900C58A0B /* Assets.xcassets in Resources */,
				F6AF4C131CFD6F1900C58A0B /* Main.storyboard in Resources */,
			);
			runOnlyForDeploymentPostprocessing = 0;
		};
		F6AF4C1C1CFD6F1900C58A0B /* Resources */ = {
			isa = PBXResourcesBuildPhase;
			buildActionMask = 2147483647;
			files = (
			);
			runOnlyForDeploymentPostprocessing = 0;
		};
		F6AF4C271CFD6F1900C58A0B /* Resources */ = {
			isa = PBXResourcesBuildPhase;
			buildActionMask = 2147483647;
			files = (
			);
			runOnlyForDeploymentPostprocessing = 0;
		};
/* End PBXResourcesBuildPhase section */

/* Begin PBXSourcesBuildPhase section */
		F6AF4C061CFD6F1900C58A0B /* Sources */ = {
			isa = PBXSourcesBuildPhase;
			buildActionMask = 2147483647;
			files = (
				F6AF4C101CFD6F1900C58A0B /* ViewController.swift in Sources */,
				F6AF4C0E1CFD6F1900C58A0B /* AppDelegate.swift in Sources */,
			);
			runOnlyForDeploymentPostprocessing = 0;
		};
		F6AF4C1A1CFD6F1900C58A0B /* Sources */ = {
			isa = PBXSourcesBuildPhase;
			buildActionMask = 2147483647;
			files = (
				F6AF4C231CFD6F1900C58A0B /* DemoTests.swift in Sources */,
			);
			runOnlyForDeploymentPostprocessing = 0;
		};
		F6AF4C251CFD6F1900C58A0B /* Sources */ = {
			isa = PBXSourcesBuildPhase;
			buildActionMask = 2147483647;
			files = (
				F6AF4C2E1CFD6F1900C58A0B /* DemoUITests.swift in Sources */,
			);
			runOnlyForDeploymentPostprocessing = 0;
		};
/* End PBXSourcesBuildPhase section */

/* Begin PBXTargetDependency section */
		F6AF4C201CFD6F1900C58A0B /* PBXTargetDependency */ = {
			isa = PBXTargetDependency;
			target = F6AF4C091CFD6F1900C58A0B /* Demo */;
			targetProxy = F6AF4C1F1CFD6F1900C58A0B /* PBXContainerItemProxy */;
		};
		F6AF4C2B1CFD6F1900C58A0B /* PBXTargetDependency */ = {
			isa = PBXTargetDependency;
			target = F6AF4C091CFD6F1900C58A0B /* Demo */;
			targetProxy = F6AF4C2A1CFD6F1900C58A0B /* PBXContainerItemProxy */;
		};
/* End PBXTargetDependency section */

/* Begin PBXVariantGroup section */
		F6AF4C111CFD6F1900C58A0B /* Main.storyboard */ = {
			isa = PBXVariantGroup;
			children = (
				F6AF4C121CFD6F1900C58A0B /* Base */,
			);
			name = Main.storyboard;
			sourceTree = "<group>";
		};
		F6AF4C161CFD6F1900C58A0B /* LaunchScreen.storyboard */ = {
			isa = PBXVariantGroup;
			children = (
				F6AF4C171CFD6F1900C58A0B /* Base */,
			);
			name = LaunchScreen.storyboard;
			sourceTree = "<group>";
		};
/* End PBXVariantGroup section */

/* Begin XCBuildConfiguration section */
		F6AF4C301CFD6F1900C58A0B /* Debug */ = {
			isa = XCBuildConfiguration;
			buildSettings = {
				ALWAYS_SEARCH_USER_PATHS = NO;
				CLANG_ANALYZER_NONNULL = YES;
				CLANG_CXX_LANGUAGE_STANDARD = "gnu++0x";
				CLANG_CXX_LIBRARY = "libc++";
				CLANG_ENABLE_MODULES = YES;
				CLANG_ENABLE_OBJC_ARC = YES;
				CLANG_WARN_BOOL_CONVERSION = YES;
				CLANG_WARN_CONSTANT_CONVERSION = YES;
				CLANG_WARN_DIRECT_OBJC_ISA_USAGE = YES_ERROR;
				CLANG_WARN_EMPTY_BODY = YES;
				CLANG_WARN_ENUM_CONVERSION = YES;
				CLANG_WARN_INT_CONVERSION = YES;
				CLANG_WARN_OBJC_ROOT_CLASS = YES_ERROR;
				CLANG_WARN_UNREACHABLE_CODE = YES;
				CLANG_WARN__DUPLICATE_METHOD_MATCH = YES;
				"CODE_SIGN_IDENTITY[sdk=iphoneos*]" = "iPhone Developer";
				COPY_PHASE_STRIP = NO;
				DEBUG_INFORMATION_FORMAT = dwarf;
				ENABLE_STRICT_OBJC_MSGSEND = YES;
				ENABLE_TESTABILITY = YES;
				GCC_C_LANGUAGE_STANDARD = gnu99;
				GCC_DYNAMIC_NO_PIC = NO;
				GCC_NO_COMMON_BLOCKS = YES;
				GCC_OPTIMIZATION_LEVEL = 0;
				GCC_PREPROCESSOR_DEFINITIONS = (
					"DEBUG=1",
					"$(inherited)",
				);
				GCC_WARN_64_TO_32_BIT_CONVERSION = YES;
				GCC_WARN_ABOUT_RETURN_TYPE = YES_ERROR;
				GCC_WARN_UNDECLARED_SELECTOR = YES;
				GCC_WARN_UNINITIALIZED_AUTOS = YES_AGGRESSIVE;
				GCC_WARN_UNUSED_FUNCTION = YES;
				GCC_WARN_UNUSED_VARIABLE = YES;
				IPHONEOS_DEPLOYMENT_TARGET = 9.3;
				MTL_ENABLE_DEBUG_INFO = YES;
				ONLY_ACTIVE_ARCH = YES;
				SDKROOT = iphoneos;
				SWIFT_OPTIMIZATION_LEVEL = "-Onone";
				TARGETED_DEVICE_FAMILY = "1,2";
			};
			name = Debug;
		};
		F6AF4C311CFD6F1900C58A0B /* Release */ = {
			isa = XCBuildConfiguration;
			buildSettings = {
				ALWAYS_SEARCH_USER_PATHS = NO;
				CLANG_ANALYZER_NONNULL = YES;
				CLANG_CXX_LANGUAGE_STANDARD = "gnu++0x";
				CLANG_CXX_LIBRARY = "libc++";
				CLANG_ENABLE_MODULES = YES;
				CLANG_ENABLE_OBJC_ARC = YES;
				CLANG_WARN_BOOL_CONVERSION = YES;
				CLANG_WARN_CONSTANT_CONVERSION = YES;
				CLANG_WARN_DIRECT_OBJC_ISA_USAGE = YES_ERROR;
				CLANG_WARN_EMPTY_BODY = YES;
				CLANG_WARN_ENUM_CONVERSION = YES;
				CLANG_WARN_INT_CONVERSION = YES;
				CLANG_WARN_OBJC_ROOT_CLASS = YES_ERROR;
				CLANG_WARN_UNREACHABLE_CODE = YES;
				CLANG_WARN__DUPLICATE_METHOD_MATCH = YES;
				"CODE_SIGN_IDENTITY[sdk=iphoneos*]" = "iPhone Developer";
				COPY_PHASE_STRIP = NO;
				DEBUG_INFORMATION_FORMAT = "dwarf-with-dsym";
				ENABLE_NS_ASSERTIONS = NO;
				ENABLE_STRICT_OBJC_MSGSEND = YES;
				GCC_C_LANGUAGE_STANDARD = gnu99;
				GCC_NO_COMMON_BLOCKS = YES;
				GCC_WARN_64_TO_32_BIT_CONVERSION = YES;
				GCC_WARN_ABOUT_RETURN_TYPE = YES_ERROR;
				GCC_WARN_UNDECLARED_SELECTOR = YES;
				GCC_WARN_UNINITIALIZED_AUTOS = YES_AGGRESSIVE;
				GCC_WARN_UNUSED_FUNCTION = YES;
				GCC_WARN_UNUSED_VARIABLE = YES;
				IPHONEOS_DEPLOYMENT_TARGET = 9.3;
				MTL_ENABLE_DEBUG_INFO = NO;
				SDKROOT = iphoneos;
				TARGETED_DEVICE_FAMILY = "1,2";
				VALIDATE_PRODUCT = YES;
			};
			name = Release;
		};
		F6AF4C331CFD6F1900C58A0B /* Debug */ = {
			isa = XCBuildConfiguration;
			buildSettings = {
				ASSETCATALOG_COMPILER_APPICON_NAME = AppIcon;
				INFOPLIST_FILE = Demo/Info.plist;
				LD_RUNPATH_SEARCH_PATHS = "$(inherited) @executable_path/Frameworks";
				PRODUCT_BUNDLE_IDENTIFIER = com.eggswift.Demo;
				PRODUCT_NAME = "$(TARGET_NAME)";
			};
			name = Debug;
		};
		F6AF4C341CFD6F1900C58A0B /* Release */ = {
			isa = XCBuildConfiguration;
			buildSettings = {
				ASSETCATALOG_COMPILER_APPICON_NAME = AppIcon;
				INFOPLIST_FILE = Demo/Info.plist;
				LD_RUNPATH_SEARCH_PATHS = "$(inherited) @executable_path/Frameworks";
				PRODUCT_BUNDLE_IDENTIFIER = com.eggswift.Demo;
				PRODUCT_NAME = "$(TARGET_NAME)";
			};
			name = Release;
		};
		F6AF4C361CFD6F1900C58A0B /* Debug */ = {
			isa = XCBuildConfiguration;
			buildSettings = {
				BUNDLE_LOADER = "$(TEST_HOST)";
				INFOPLIST_FILE = DemoTests/Info.plist;
				LD_RUNPATH_SEARCH_PATHS = "$(inherited) @executable_path/Frameworks @loader_path/Frameworks";
				PRODUCT_BUNDLE_IDENTIFIER = com.eggswift.DemoTests;
				PRODUCT_NAME = "$(TARGET_NAME)";
				TEST_HOST = "$(BUILT_PRODUCTS_DIR)/Demo.app/Demo";
			};
			name = Debug;
		};
		F6AF4C371CFD6F1900C58A0B /* Release */ = {
			isa = XCBuildConfiguration;
			buildSettings = {
				BUNDLE_LOADER = "$(TEST_HOST)";
				INFOPLIST_FILE = DemoTests/Info.plist;
				LD_RUNPATH_SEARCH_PATHS = "$(inherited) @executable_path/Frameworks @loader_path/Frameworks";
				PRODUCT_BUNDLE_IDENTIFIER = com.eggswift.DemoTests;
				PRODUCT_NAME = "$(TARGET_NAME)";
				TEST_HOST = "$(BUILT_PRODUCTS_DIR)/Demo.app/Demo";
			};
			name = Release;
		};
		F6AF4C391CFD6F1900C58A0B /* Debug */ = {
			isa = XCBuildConfiguration;
			buildSettings = {
				INFOPLIST_FILE = DemoUITests/Info.plist;
				LD_RUNPATH_SEARCH_PATHS = "$(inherited) @executable_path/Frameworks @loader_path/Frameworks";
				PRODUCT_BUNDLE_IDENTIFIER = com.eggswift.DemoUITests;
				PRODUCT_NAME = "$(TARGET_NAME)";
				TEST_TARGET_NAME = Demo;
			};
			name = Debug;
		};
		F6AF4C3A1CFD6F1900C58A0B /* Release */ = {
			isa = XCBuildConfiguration;
			buildSettings = {
				INFOPLIST_FILE = DemoUITests/Info.plist;
				LD_RUNPATH_SEARCH_PATHS = "$(inherited) @executable_path/Frameworks @loader_path/Frameworks";
				PRODUCT_BUNDLE_IDENTIFIER = com.eggswift.DemoUITests;
				PRODUCT_NAME = "$(TARGET_NAME)";
				TEST_TARGET_NAME = Demo;
			};
			name = Release;
		};
/* End XCBuildConfiguration section */

/* Begin XCConfigurationList section */
		F6AF4C051CFD6F1900C58A0B /* Build configuration list for PBXProject "Demo" */ = {
			isa = XCConfigurationList;
			buildConfigurations = (
				F6AF4C301CFD6F1900C58A0B /* Debug */,
				F6AF4C311CFD6F1900C58A0B /* Release */,
			);
			defaultConfigurationIsVisible = 0;
			defaultConfigurationName = Release;
		};
		F6AF4C321CFD6F1900C58A0B /* Build configuration list for PBXNativeTarget "Demo" */ = {
			isa = XCConfigurationList;
			buildConfigurations = (
				F6AF4C331CFD6F1900C58A0B /* Debug */,
				F6AF4C341CFD6F1900C58A0B /* Release */,
			);
			defaultConfigurationIsVisible = 0;
		};
		F6AF4C351CFD6F1900C58A0B /* Build configuration list for PBXNativeTarget "DemoTests" */ = {
			isa = XCConfigurationList;
			buildConfigurations = (
				F6AF4C361CFD6F1900C58A0B /* Debug */,
				F6AF4C371CFD6F1900C58A0B /* Release */,
			);
			defaultConfigurationIsVisible = 0;
		};
		F6AF4C381CFD6F1900C58A0B /* Build configuration list for PBXNativeTarget "DemoUITests" */ = {
			isa = XCConfigurationList;
			buildConfigurations = (
				F6AF4C391CFD6F1900C58A0B /* Debug */,
				F6AF4C3A1CFD6F1900C58A0B /* Release */,
			);
			defaultConfigurationIsVisible = 0;
		};
/* End XCConfigurationList section */
	};
	rootObject = F6AF4C021CFD6F1900C58A0B /* Project object */;
}
